
Microsoft Visual Studio Solution File, Format Version 12.00
# Visual Studio 15
VisualStudioVersion = 15.0.28307.489
MinimumVisualStudioVersion = 10.0.40219.1
Project("{8BC9CEB8-8B4A-11D0-8D11-00A0C91BC942}") = "kr", "kr\kr.vcxproj", "{63833EAA-6EE2-4B43-B7E9-FA5365E81CA8}"
EndProject
Global
	GlobalSection(SolutionConfigurationPlatforms) = preSolution
		Debug|x64 = Debug|x64
		Debug|x86 = Debug|x86
		Release|x64 = Release|x64
		Release|x86 = Release|x86
	EndGlobalSection
	GlobalSection(ProjectConfigurationPlatforms) = postSolution
		{63833EAA-6EE2-4B43-B7E9-FA5365E81CA8}.Debug|x64.ActiveCfg = Debug|x64
		{63833EAA-6EE2-4B43-B7E9-FA5365E81CA8}.Debug|x64.Build.0 = Debug|x64
		{63833EAA-6EE2-4B43-B7E9-FA5365E81CA8}.Debug|x86.ActiveCfg = Debug|Win32
		{63833EAA-6EE2-4B43-B7E9-FA5365E81CA8}.Debug|x86.Build.0 = Debug|Win32
		{63833EAA-6EE2-4B43-B7E9-FA5365E81CA8}.Release|x64.ActiveCfg = Release|x64
		{63833EAA-6EE2-4B43-B7E9-FA5365E81CA8}.Release|x64.Build.0 = Release|x64
		{63833EAA-6EE2-4B43-B7E9-FA5365E81CA8}.Release|x86.ActiveCfg = Release|Win32
		{63833EAA-6EE2-4B43-B7E9-FA5365E81CA8}.Release|x86.Build.0 = Release|Win32
	EndGlobalSection
	GlobalSection(SolutionProperties) = preSolution
		HideSolutionNode = FALSE
	EndGlobalSection
	GlobalSection(ExtensibilityGlobals) = postSolution
		SolutionGuid = {00BDEA7A-33FD-4B24-89AD-9B6C9D251709}
	EndGlobalSection
EndGlobal
