
Microsoft Visual Studio Solution File, Format Version 12.00
# Visual Studio 15
VisualStudioVersion = 15.0.28307.960
MinimumVisualStudioVersion = 10.0.40219.1
Project("{8BC9CEB8-8B4A-11D0-8D11-00A0C91BC942}") = "lab9", "lab9\lab9.vcxproj", "{A1AD8704-BF4C-44BB-9F32-A7101879E962}"
EndProject
Global
	GlobalSection(SolutionConfigurationPlatforms) = preSolution
		Debug|x64 = Debug|x64
		Debug|x86 = Debug|x86
		Release|x64 = Release|x64
		Release|x86 = Release|x86
	EndGlobalSection
	GlobalSection(ProjectConfigurationPlatforms) = postSolution
		{A1AD8704-BF4C-44BB-9F32-A7101879E962}.Debug|x64.ActiveCfg = Debug|x64
		{A1AD8704-BF4C-44BB-9F32-A7101879E962}.Debug|x64.Build.0 = Debug|x64
		{A1AD8704-BF4C-44BB-9F32-A7101879E962}.Debug|x86.ActiveCfg = Debug|Win32
		{A1AD8704-BF4C-44BB-9F32-A7101879E962}.Debug|x86.Build.0 = Debug|Win32
		{A1AD8704-BF4C-44BB-9F32-A7101879E962}.Release|x64.ActiveCfg = Release|x64
		{A1AD8704-BF4C-44BB-9F32-A7101879E962}.Release|x64.Build.0 = Release|x64
		{A1AD8704-BF4C-44BB-9F32-A7101879E962}.Release|x86.ActiveCfg = Release|Win32
		{A1AD8704-BF4C-44BB-9F32-A7101879E962}.Release|x86.Build.0 = Release|Win32
	EndGlobalSection
	GlobalSection(SolutionProperties) = preSolution
		HideSolutionNode = FALSE
	EndGlobalSection
	GlobalSection(ExtensibilityGlobals) = postSolution
		SolutionGuid = {6BCE48C3-1BF4-4D3F-BDE2-F1F9006214AE}
	EndGlobalSection
EndGlobal
