
Microsoft Visual Studio Solution File, Format Version 12.00
# Visual Studio 15
VisualStudioVersion = 15.0.28307.960
MinimumVisualStudioVersion = 10.0.40219.1
Project("{8BC9CEB8-8B4A-11D0-8D11-00A0C91BC942}") = "exam1", "exam1\exam1.vcxproj", "{35547C5A-29E4-40F7-A062-AD7BFC994F7D}"
EndProject
Global
	GlobalSection(SolutionConfigurationPlatforms) = preSolution
		Debug|x64 = Debug|x64
		Debug|x86 = Debug|x86
		Release|x64 = Release|x64
		Release|x86 = Release|x86
	EndGlobalSection
	GlobalSection(ProjectConfigurationPlatforms) = postSolution
		{35547C5A-29E4-40F7-A062-AD7BFC994F7D}.Debug|x64.ActiveCfg = Debug|x64
		{35547C5A-29E4-40F7-A062-AD7BFC994F7D}.Debug|x64.Build.0 = Debug|x64
		{35547C5A-29E4-40F7-A062-AD7BFC994F7D}.Debug|x86.ActiveCfg = Debug|Win32
		{35547C5A-29E4-40F7-A062-AD7BFC994F7D}.Debug|x86.Build.0 = Debug|Win32
		{35547C5A-29E4-40F7-A062-AD7BFC994F7D}.Release|x64.ActiveCfg = Release|x64
		{35547C5A-29E4-40F7-A062-AD7BFC994F7D}.Release|x64.Build.0 = Release|x64
		{35547C5A-29E4-40F7-A062-AD7BFC994F7D}.Release|x86.ActiveCfg = Release|Win32
		{35547C5A-29E4-40F7-A062-AD7BFC994F7D}.Release|x86.Build.0 = Release|Win32
	EndGlobalSection
	GlobalSection(SolutionProperties) = preSolution
		HideSolutionNode = FALSE
	EndGlobalSection
	GlobalSection(ExtensibilityGlobals) = postSolution
		SolutionGuid = {BAC1368E-D772-4746-962D-F15AB23FC740}
	EndGlobalSection
EndGlobal
